schema: '2.0'
stages:
  get_data:
    cmd: poetry run python REMLA_PROJECT/src/data/preprocess_data.py
    deps:
    - path: REMLA_PROJECT/src/data/preprocess_data.py
      hash: md5
      md5: 9e6c709de5e6c166b8a359e6c11192a5
      size: 1196
    params:
      params.yaml:
        processed_data_path: REMLA_PROJECT/data/processed/
        raw_data_path: REMLA_PROJECT/data/raw/
    outs:
    - path: REMLA_PROJECT/data/processed
      hash: md5
      md5: a4f3308fac982d45144ea9fe6966020f.dir
      size: 1547744394
      nfiles: 6
    - path: REMLA_PROJECT/models/architecture
      hash: md5
      md5: 06ce9f122c04f6d8e2af6590565e481d.dir
      size: 2803
      nfiles: 2
  preprocess_data:
    cmd: poetry run python REMLA_PROJECT/src/data/preprocess_data.py
    deps:
    - path: REMLA_PROJECT/src/data/preprocess_data.py
      hash: md5
      md5: 50e644463e941b04179f1e6efe28f001
      size: 1509
    params:
      params.yaml:
        processed_data_path: REMLA_PROJECT/data/processed/
        raw_data_path: REMLA_PROJECT/data/raw/
        tokenizer_path: REMLA_PROJECT/models/tokenizer/
    outs:
    - path: REMLA_PROJECT/data/processed
      hash: md5
      md5: 56c290f18c657949a3108b12076e7c84.dir
      size: 1555444610
      nfiles: 6
    - path: REMLA_PROJECT/models/tokenizer
      hash: md5
      md5: cc1b48b8e991332b9a97547975639a26.dir
      size: 2803
      nfiles: 2
  create_model:
    cmd: poetry run python REMLA_PROJECT/src/models/model1/model.py
    deps:
    - path: REMLA_PROJECT/src/models/model1/model.py
      hash: md5
      md5: ced54db5c3462eec1f4922fa7f20f404
      size: 1743
    params:
      params.yaml:
        categories:
        - phishing
        - legitimate
        max_input_length: 200
        model_path: REMLA_PROJECT/models/model/
        tokenizer_path: REMLA_PROJECT/models/tokenizer/
    outs:
    - path: REMLA_PROJECT/models/model
      hash: md5
      md5: 12138a7a4958ee1f2d34781a0527e813.dir
      size: 1853168
      nfiles: 1
  train_model:
    cmd: poetry run python REMLA_PROJECT/src/models/model1/train.py
    deps:
    - path: REMLA_PROJECT/src/models/model1/train.py
      hash: md5
      md5: 8baed02706ac4a67bc6d0e8668bb464f
      size: 1438
    params:
      params.yaml:
        batch_train: 5000
        epoch: 1
        loss_function: binary_crossentropy
        model_path: REMLA_PROJECT/models/model/
        optimizer: adam
        processed_data_path: REMLA_PROJECT/data/processed/
        trained_model_path: REMLA_PROJECT/models/trained_model/
    outs:
    - path: REMLA_PROJECT/models/trained_model
      hash: md5
      md5: 6d7457095d7654a8f33dff36cde3ea36.dir
      size: 5493032
      nfiles: 1
  make_predictions:
    cmd: poetry run python REMLA_PROJECT/src/models/model1/predict.py
    deps:
    - path: REMLA_PROJECT/src/models/model1/predict.py
      hash: md5
      md5: d597e1533ab648c310613234eed06e71
      size: 1115
    params:
      params.yaml:
        predictions_path: REMLA_PROJECT/models/predictions/
        processed_data_path: REMLA_PROJECT/data/processed/
        trained_model_path: REMLA_PROJECT/models/trained_model/
    outs:
    - path: REMLA_PROJECT/models/predictions
      hash: md5
      md5: 313c3a336a09f85dcc3ea8dbc8f28d8d.dir
      size: 4120968
      nfiles: 2
  evaluate:
    cmd: poetry run python REMLA_PROJECT/src/visualization/evaluation.py
    deps:
    - path: REMLA_PROJECT/src/visualization/evaluation.py
      hash: md5
      md5: d6e45a7824fad353efc61ed512ec19b7
      size: 1459
    params:
      params.yaml:
        metrics_path: REMLA_PROJECT/reports/metrics/
        predictions_path: REMLA_PROJECT/models/predictions/
    outs:
    - path: REMLA_PROJECT/reports/metrics
      hash: md5
      md5: 82f0044a3f70f102a79ddb1a10096ac8.dir
      size: 69
      nfiles: 1
  create_model_simple:
    cmd: poetry run python REMLA_PROJECT/src/models/model_simple/model.py
    deps:
    - path: REMLA_PROJECT/src/models/model_simple/model.py
      hash: md5
      md5: 2224a39c30c1b28e6bac126daff89125
      size: 573
    params:
      params.yaml:
        categories:
        - phishing
        - legitimate
        max_input_length: 200
        model_path_simple: REMLA_PROJECT/models/model_simple/
        tokenizer_path: REMLA_PROJECT/models/tokenizer/
    outs:
    - path: REMLA_PROJECT/models/model_simple
      hash: md5
      md5: eb4468439b1b04b22a1cefdc8dc66425.dir
      size: 364
      nfiles: 1
  train_simple_model:
    cmd: poetry run python REMLA_PROJECT/src/models/model_simple/train.py
    deps:
    - path: REMLA_PROJECT/src/models/model_simple/train.py
      hash: md5
      md5: 9f623fa9013449f6a6d82af2d5dcd5a8
      size: 1186
    params:
      params.yaml:
        model_path_simple: REMLA_PROJECT/models/model_simple/
        processed_data_path: REMLA_PROJECT/data/processed/
        trained_model_path_simple: REMLA_PROJECT/models/trained_model_simple/
    outs:
    - path: REMLA_PROJECT/models/trained_model_simple
      hash: md5
      md5: c96954421413154ec7c6c5e8366bd4e2.dir
      size: 11382413
      nfiles: 1
  make_simple_predictions:
    cmd: poetry run python REMLA_PROJECT/src/models/model_simple/predict.py
    deps:
    - path: REMLA_PROJECT/src/models/model_simple/predict.py
      hash: md5
      md5: d84f14296d728b7b64e27048532726cf
      size: 1187
    params:
      params.yaml:
        predictions_path_simple: REMLA_PROJECT/models/predictions_simple/
        processed_data_path: REMLA_PROJECT/data/processed/
        trained_model_path_simple: REMLA_PROJECT/models/trained_model_simple/
    outs:
    - path: REMLA_PROJECT/models/predictions_simple
      hash: md5
      md5: 66df90448e914afa1b3f74298ea6c2f1.dir
      size: 8241606
      nfiles: 2
