schema: '2.0'
stages:
  get_data:
    cmd: poetry run python REMLA_PROJECT/src/data/preprocess_data.py
    deps:
    - path: REMLA_PROJECT/src/data/preprocess_data.py
      hash: md5
      md5: 9e6c709de5e6c166b8a359e6c11192a5
      size: 1196
    params:
      params.yaml:
        processed_data_path: REMLA_PROJECT/data/processed/
        raw_data_path: REMLA_PROJECT/data/raw/
    outs:
    - path: REMLA_PROJECT/data/processed
      hash: md5
      md5: a4f3308fac982d45144ea9fe6966020f.dir
      size: 1547744394
      nfiles: 6
    - path: REMLA_PROJECT/models/architecture
      hash: md5
      md5: 06ce9f122c04f6d8e2af6590565e481d.dir
      size: 2803
      nfiles: 2
  preprocess_data:
    cmd: poetry run python REMLA_PROJECT/src/data/preprocess_data.py
    deps:
    - path: REMLA_PROJECT/src/data/preprocess_data.py
      hash: md5
      md5: 84dd257899c77a274d88c5aeae791671
      size: 1427
    params:
      params.yaml:
        processed_data_path: REMLA_PROJECT/data/processed/
        raw_data_path: REMLA_PROJECT/data/raw/
    outs:
    - path: REMLA_PROJECT/data/processed
      hash: md5
      md5: a4f3308fac982d45144ea9fe6966020f.dir
      size: 1547744394
      nfiles: 6
    - path: REMLA_PROJECT/models/tokenizer
      hash: md5
      md5: a86d28babfdbab02c5ba2d18f4054236.dir
      size: 2803
      nfiles: 2
  create_model:
    cmd: poetry run python REMLA_PROJECT/src/models/model1/model.py
    deps:
    - path: REMLA_PROJECT/src/models/model1/model.py
      hash: md5
      md5: d47b7491d2de2c8fd6ff8fc4fe354970
      size: 1810
    params:
      params.yaml:
        categories:
        - phishing
        - legitimate
        max_input_length: 200
        model_path: REMLA_PROJECT/models/model/
        tokenizer_path: REMLA_PROJECT/models/tokenizer/
    outs:
    - path: REMLA_PROJECT/models/model
      hash: md5
      md5: af7f3cf3dea4c44bdca1d8434bb89af3.dir
      size: 1853168
      nfiles: 1
  train_model:
    cmd: poetry run python REMLA_PROJECT/src/models/model1/train.py
    deps:
    - path: REMLA_PROJECT/src/models/model1/train.py
      hash: md5
      md5: 8baed02706ac4a67bc6d0e8668bb464f
      size: 1438
    params:
      params.yaml:
        batch_train: 5000
        epoch: 1
        loss_function: binary_crossentropy
        model_path: REMLA_PROJECT/models/model/
        optimizer: adam
        processed_data_path: REMLA_PROJECT/data/processed/
        trained_model_path: REMLA_PROJECT/models/trained_model/
    outs:
    - path: REMLA_PROJECT/models/trained_model
      hash: md5
      md5: 6d7457095d7654a8f33dff36cde3ea36.dir
      size: 5493032
      nfiles: 1
  make_predictions:
    cmd: python REMLA_PROJECT/src/models/model1/predict.py
    deps:
    - path: REMLA_PROJECT/models/trained_model.h5
      hash: md5
      md5: ff7014c3c953aba5498e9c591f8c3088
      size: 5463360
    - path: REMLA_PROJECT/src/models/model1/predict.py
      hash: md5
      md5: fd7d8ff52fd1f92b9f0c6c91d953b662
      size: 786
    outs:
    - path: REMLA_PROJECT/models/predictions/preds.pkl
      hash: md5
      md5: ab6473fe132ca363f7322686018b4592
      size: 2913866
  evaluate:
    cmd: python REMLA_PROJECT/src/visualization/evaluation.py
    deps:
    - path: REMLA_PROJECT/models/predictions/preds.pkl
      hash: md5
      md5: ab6473fe132ca363f7322686018b4592
      size: 2913866
    - path: REMLA_PROJECT/src/visualization/evaluation.py
      hash: md5
      md5: 00a44ab8bbd25cabd13b6c5070842d1e
      size: 1360
    outs:
    - path: REMLA_PROJECT/reports/metrics.json
      hash: md5
      md5: 79fd98f7d528776702bc6fd81aa355eb
      size: 73
